
Microsoft Visual Studio Solution File, Format Version 12.00
# Visual Studio Version 17
VisualStudioVersion = 17.5.002.0
MinimumVisualStudioVersion = 10.0.40219.1
Project("{9A19103F-16F7-4668-BE54-9A1E7A4F7556}") = "projeto1", "projeto1\projeto1.csproj", "{0A23F6AA-D049-402F-8B11-9092BD2DCFE3}"
EndProject
Project("{FAE04EC0-301F-11D3-BF4B-00C04F79EFBC}") = "Aula2", "Aula2\Aula2.csproj", "{35EFE9C8-3850-4ADE-BE85-A1CE7B11C30C}"
EndProject
Project("{FAE04EC0-301F-11D3-BF4B-00C04F79EFBC}") = "Herança", "Herança\Herança.csproj", "{01585954-5EBF-47B7-8982-EDCABDD9E156}"
EndProject
Project("{FAE04EC0-301F-11D3-BF4B-00C04F79EFBC}") = "Ala 5 - Polimorfismo, Interface, override e overlai", "Ala 5 - Polimorfismo, Interface, override e overlai\Ala 5 - Polimorfismo, Interface, override e overlai.csproj", "{09A40AE3-5382-4686-8E43-D932F730FB61}"
EndProject
Global
	GlobalSection(SolutionConfigurationPlatforms) = preSolution
		Debug|Any CPU = Debug|Any CPU
		Release|Any CPU = Release|Any CPU
	EndGlobalSection
	GlobalSection(ProjectConfigurationPlatforms) = postSolution
		{0A23F6AA-D049-402F-8B11-9092BD2DCFE3}.Debug|Any CPU.ActiveCfg = Debug|Any CPU
		{0A23F6AA-D049-402F-8B11-9092BD2DCFE3}.Debug|Any CPU.Build.0 = Debug|Any CPU
		{0A23F6AA-D049-402F-8B11-9092BD2DCFE3}.Release|Any CPU.ActiveCfg = Release|Any CPU
		{0A23F6AA-D049-402F-8B11-9092BD2DCFE3}.Release|Any CPU.Build.0 = Release|Any CPU
		{35EFE9C8-3850-4ADE-BE85-A1CE7B11C30C}.Debug|Any CPU.ActiveCfg = Debug|Any CPU
		{35EFE9C8-3850-4ADE-BE85-A1CE7B11C30C}.Debug|Any CPU.Build.0 = Debug|Any CPU
		{35EFE9C8-3850-4ADE-BE85-A1CE7B11C30C}.Release|Any CPU.ActiveCfg = Release|Any CPU
		{35EFE9C8-3850-4ADE-BE85-A1CE7B11C30C}.Release|Any CPU.Build.0 = Release|Any CPU
		{01585954-5EBF-47B7-8982-EDCABDD9E156}.Debug|Any CPU.ActiveCfg = Debug|Any CPU
		{01585954-5EBF-47B7-8982-EDCABDD9E156}.Debug|Any CPU.Build.0 = Debug|Any CPU
		{01585954-5EBF-47B7-8982-EDCABDD9E156}.Release|Any CPU.ActiveCfg = Release|Any CPU
		{01585954-5EBF-47B7-8982-EDCABDD9E156}.Release|Any CPU.Build.0 = Release|Any CPU
		{09A40AE3-5382-4686-8E43-D932F730FB61}.Debug|Any CPU.ActiveCfg = Debug|Any CPU
		{09A40AE3-5382-4686-8E43-D932F730FB61}.Debug|Any CPU.Build.0 = Debug|Any CPU
		{09A40AE3-5382-4686-8E43-D932F730FB61}.Release|Any CPU.ActiveCfg = Release|Any CPU
		{09A40AE3-5382-4686-8E43-D932F730FB61}.Release|Any CPU.Build.0 = Release|Any CPU
	EndGlobalSection
	GlobalSection(SolutionProperties) = preSolution
		HideSolutionNode = FALSE
	EndGlobalSection
	GlobalSection(ExtensibilityGlobals) = postSolution
		SolutionGuid = {AF465935-89CC-47EB-9D25-7E78FA374C55}
	EndGlobalSection
EndGlobal
